
Microsoft Visual Studio Solution File, Format Version 12.00
# Visual Studio Version 17
VisualStudioVersion = 17.0.31612.314
MinimumVisualStudioVersion = 10.0.40219.1
Project("{9A19103F-16F7-4668-BE54-9A1E7A4F7556}") = "SonarCloudDotNet5", "SonarCloudDotNet\SonarCloudDotNet5.csproj", "{F530576D-C297-46BD-AF3A-A9EB4146ECFF}"
EndProject
Project("{FAE04EC0-301F-11D3-BF4B-00C04F79EFBC}") = "SonarCloudDotNet6", "SonarCloudDotNet6\SonarCloudDotNet6.csproj", "{8A28211C-CA0A-4FCA-B8C8-F21C83F0A7E3}"
EndProject
Project("{FAE04EC0-301F-11D3-BF4B-00C04F79EFBC}") = "SonarCloudDotNetCore3", "SonarCloudDotNetCore3\SonarCloudDotNetCore3.csproj", "{A53EBF38-5B74-46C3-9500-C05F7735260A}"
EndProject
Global
	GlobalSection(SolutionConfigurationPlatforms) = preSolution
		Debug|Any CPU = Debug|Any CPU
		Release|Any CPU = Release|Any CPU
	EndGlobalSection
	GlobalSection(ProjectConfigurationPlatforms) = postSolution
		{F530576D-C297-46BD-AF3A-A9EB4146ECFF}.Debug|Any CPU.ActiveCfg = Debug|Any CPU
		{F530576D-C297-46BD-AF3A-A9EB4146ECFF}.Debug|Any CPU.Build.0 = Debug|Any CPU
		{F530576D-C297-46BD-AF3A-A9EB4146ECFF}.Release|Any CPU.ActiveCfg = Release|Any CPU
		{F530576D-C297-46BD-AF3A-A9EB4146ECFF}.Release|Any CPU.Build.0 = Release|Any CPU
		{8A28211C-CA0A-4FCA-B8C8-F21C83F0A7E3}.Debug|Any CPU.ActiveCfg = Debug|Any CPU
		{8A28211C-CA0A-4FCA-B8C8-F21C83F0A7E3}.Debug|Any CPU.Build.0 = Debug|Any CPU
		{8A28211C-CA0A-4FCA-B8C8-F21C83F0A7E3}.Release|Any CPU.ActiveCfg = Release|Any CPU
		{8A28211C-CA0A-4FCA-B8C8-F21C83F0A7E3}.Release|Any CPU.Build.0 = Release|Any CPU
		{A53EBF38-5B74-46C3-9500-C05F7735260A}.Debug|Any CPU.ActiveCfg = Debug|Any CPU
		{A53EBF38-5B74-46C3-9500-C05F7735260A}.Debug|Any CPU.Build.0 = Debug|Any CPU
		{A53EBF38-5B74-46C3-9500-C05F7735260A}.Release|Any CPU.ActiveCfg = Release|Any CPU
		{A53EBF38-5B74-46C3-9500-C05F7735260A}.Release|Any CPU.Build.0 = Release|Any CPU
	EndGlobalSection
	GlobalSection(SolutionProperties) = preSolution
		HideSolutionNode = FALSE
	EndGlobalSection
	GlobalSection(ExtensibilityGlobals) = postSolution
		SolutionGuid = {F4B1C9E1-7539-4A7B-AB0F-CAB8A2E04D5E}
	EndGlobalSection
EndGlobal
